// !$*UTF8*$!
{
	archiveVersion = 1;
	classes = {
	};
	objectVersion = 55;
	objects = {

/* Begin PBXBuildFile section */
		1422B6CBA981EDF76AD1E9BE /* Pods_Jokes.framework in Frameworks */ = {isa = PBXBuildFile; fileRef = 5BC5CE5AE7134D52BD8779BD /* Pods_Jokes.framework */; };
		2A6129563360D0CEA2CA3CF5 /* Pods_JokesTests.framework in Frameworks */ = {isa = PBXBuildFile; fileRef = 160C7E33791F59D619C0DC32 /* Pods_JokesTests.framework */; };
		6A8D491171380B50B7B1C5F7 /* Pods_Jokes_JokesUITests.framework in Frameworks */ = {isa = PBXBuildFile; fileRef = 572C0D5DFF5543477B1B365C /* Pods_Jokes_JokesUITests.framework */; };
		8327E5DD284E536800957F17 /* JokeFetcher.swift in Sources */ = {isa = PBXBuildFile; fileRef = 8327E5DC284E536800957F17 /* JokeFetcher.swift */; };
		8327E5DF284E566F00957F17 /* URLSession+Extensions.swift in Sources */ = {isa = PBXBuildFile; fileRef = 8327E5DE284E566F00957F17 /* URLSession+Extensions.swift */; };
		8327E5E2284E569400957F17 /* Joke.swift in Sources */ = {isa = PBXBuildFile; fileRef = 8327E5E1284E569400957F17 /* Joke.swift */; };
		8327E5E4284E56A700957F17 /* SingleJokeResponse.swift in Sources */ = {isa = PBXBuildFile; fileRef = 8327E5E3284E56A700957F17 /* SingleJokeResponse.swift */; };
		8327E5E8284E589D00957F17 /* Networking.swift in Sources */ = {isa = PBXBuildFile; fileRef = 8327E5E7284E589D00957F17 /* Networking.swift */; };
		8327E5EC284E600200957F17 /* HomeViewModel.swift in Sources */ = {isa = PBXBuildFile; fileRef = 8327E5EB284E600200957F17 /* HomeViewModel.swift */; };
		8327E5EF284E639E00957F17 /* HomeViewModelTests.swift in Sources */ = {isa = PBXBuildFile; fileRef = 8327E5EE284E639E00957F17 /* HomeViewModelTests.swift */; };
		8327E5F2284E63CE00957F17 /* NetworkingMock.swift in Sources */ = {isa = PBXBuildFile; fileRef = 8327E5F1284E63CE00957F17 /* NetworkingMock.swift */; };
		8327E5F7284E9CAE00957F17 /* JokeListViewController.swift in Sources */ = {isa = PBXBuildFile; fileRef = 8327E5F6284E9CAE00957F17 /* JokeListViewController.swift */; };
		8327E5F9284E9DCC00957F17 /* MultipleJokeResponse.swift in Sources */ = {isa = PBXBuildFile; fileRef = 8327E5F8284E9DCC00957F17 /* MultipleJokeResponse.swift */; };
		8327E5FD284EA1D600957F17 /* MainCharacterEntryViewController.swift in Sources */ = {isa = PBXBuildFile; fileRef = 8327E5FC284EA1D600957F17 /* MainCharacterEntryViewController.swift */; };
		8327E5FF284EA41B00957F17 /* MainCharacter.swift in Sources */ = {isa = PBXBuildFile; fileRef = 8327E5FE284EA41B00957F17 /* MainCharacter.swift */; };
		8327E601284EA43C00957F17 /* MainCharacterEntryValidator.swift in Sources */ = {isa = PBXBuildFile; fileRef = 8327E600284EA43C00957F17 /* MainCharacterEntryValidator.swift */; };
		835D216D284F82200084C59A /* MainCharacterEntryValidatorTests.swift in Sources */ = {isa = PBXBuildFile; fileRef = 835D216C284F82200084C59A /* MainCharacterEntryValidatorTests.swift */; };
		835E3698284E4E5F00A0B5C0 /* AppDelegate.swift in Sources */ = {isa = PBXBuildFile; fileRef = 835E3697284E4E5F00A0B5C0 /* AppDelegate.swift */; };
		835E369A284E4E5F00A0B5C0 /* SceneDelegate.swift in Sources */ = {isa = PBXBuildFile; fileRef = 835E3699284E4E5F00A0B5C0 /* SceneDelegate.swift */; };
		835E369C284E4E5F00A0B5C0 /* HomeViewController.swift in Sources */ = {isa = PBXBuildFile; fileRef = 835E369B284E4E5F00A0B5C0 /* HomeViewController.swift */; };
		835E369F284E4E5F00A0B5C0 /* Main.storyboard in Resources */ = {isa = PBXBuildFile; fileRef = 835E369D284E4E5F00A0B5C0 /* Main.storyboard */; };
		835E36A1284E4E6000A0B5C0 /* Assets.xcassets in Resources */ = {isa = PBXBuildFile; fileRef = 835E36A0284E4E6000A0B5C0 /* Assets.xcassets */; };
		835E36A4284E4E6000A0B5C0 /* LaunchScreen.storyboard in Resources */ = {isa = PBXBuildFile; fileRef = 835E36A2284E4E6000A0B5C0 /* LaunchScreen.storyboard */; };
		835E36AF284E4E6100A0B5C0 /* JokeFetcherTests.swift in Sources */ = {isa = PBXBuildFile; fileRef = 835E36AE284E4E6100A0B5C0 /* JokeFetcherTests.swift */; };
		835E36B9284E4E6100A0B5C0 /* JokesUITests.swift in Sources */ = {isa = PBXBuildFile; fileRef = 835E36B8284E4E6100A0B5C0 /* JokesUITests.swift */; };
		835E36BB284E4E6100A0B5C0 /* JokesUITestsLaunchTests.swift in Sources */ = {isa = PBXBuildFile; fileRef = 835E36BA284E4E6100A0B5C0 /* JokesUITestsLaunchTests.swift */; };
/* End PBXBuildFile section */

/* Begin PBXContainerItemProxy section */
		835E36AB284E4E6100A0B5C0 /* PBXContainerItemProxy */ = {
			isa = PBXContainerItemProxy;
			containerPortal = 835E368C284E4E5F00A0B5C0 /* Project object */;
			proxyType = 1;
			remoteGlobalIDString = 835E3693284E4E5F00A0B5C0;
			remoteInfo = Jokes;
		};
		835E36B5284E4E6100A0B5C0 /* PBXContainerItemProxy */ = {
			isa = PBXContainerItemProxy;
			containerPortal = 835E368C284E4E5F00A0B5C0 /* Project object */;
			proxyType = 1;
			remoteGlobalIDString = 835E3693284E4E5F00A0B5C0;
			remoteInfo = Jokes;
		};
/* End PBXContainerItemProxy section */

/* Begin PBXFileReference section */
		0843FB7A0EB355D0D9A21E7D /* Pods-Jokes-JokesUITests.release.xcconfig */ = {isa = PBXFileReference; includeInIndex = 1; lastKnownFileType = text.xcconfig; name = "Pods-Jokes-JokesUITests.release.xcconfig"; path = "Target Support Files/Pods-Jokes-JokesUITests/Pods-Jokes-JokesUITests.release.xcconfig"; sourceTree = "<group>"; };
		0A56BEB25F9605B964055753 /* Pods-JokesTests.release.xcconfig */ = {isa = PBXFileReference; includeInIndex = 1; lastKnownFileType = text.xcconfig; name = "Pods-JokesTests.release.xcconfig"; path = "Target Support Files/Pods-JokesTests/Pods-JokesTests.release.xcconfig"; sourceTree = "<group>"; };
		107877F7469328692E08B20D /* Pods-Jokes-JokesUITests.debug.xcconfig */ = {isa = PBXFileReference; includeInIndex = 1; lastKnownFileType = text.xcconfig; name = "Pods-Jokes-JokesUITests.debug.xcconfig"; path = "Target Support Files/Pods-Jokes-JokesUITests/Pods-Jokes-JokesUITests.debug.xcconfig"; sourceTree = "<group>"; };
		160C7E33791F59D619C0DC32 /* Pods_JokesTests.framework */ = {isa = PBXFileReference; explicitFileType = wrapper.framework; includeInIndex = 0; path = Pods_JokesTests.framework; sourceTree = BUILT_PRODUCTS_DIR; };
		1FDE2589B19025718BCB4A50 /* Pods-Jokes.release.xcconfig */ = {isa = PBXFileReference; includeInIndex = 1; lastKnownFileType = text.xcconfig; name = "Pods-Jokes.release.xcconfig"; path = "Target Support Files/Pods-Jokes/Pods-Jokes.release.xcconfig"; sourceTree = "<group>"; };
		331AEE35890211EF5101CBD1 /* Pods-JokesTests.debug.xcconfig */ = {isa = PBXFileReference; includeInIndex = 1; lastKnownFileType = text.xcconfig; name = "Pods-JokesTests.debug.xcconfig"; path = "Target Support Files/Pods-JokesTests/Pods-JokesTests.debug.xcconfig"; sourceTree = "<group>"; };
		572C0D5DFF5543477B1B365C /* Pods_Jokes_JokesUITests.framework */ = {isa = PBXFileReference; explicitFileType = wrapper.framework; includeInIndex = 0; path = Pods_Jokes_JokesUITests.framework; sourceTree = BUILT_PRODUCTS_DIR; };
		5BC5CE5AE7134D52BD8779BD /* Pods_Jokes.framework */ = {isa = PBXFileReference; explicitFileType = wrapper.framework; includeInIndex = 0; path = Pods_Jokes.framework; sourceTree = BUILT_PRODUCTS_DIR; };
		8327E5DC284E536800957F17 /* JokeFetcher.swift */ = {isa = PBXFileReference; lastKnownFileType = sourcecode.swift; path = JokeFetcher.swift; sourceTree = "<group>"; };
		8327E5DE284E566F00957F17 /* URLSession+Extensions.swift */ = {isa = PBXFileReference; lastKnownFileType = sourcecode.swift; path = "URLSession+Extensions.swift"; sourceTree = "<group>"; };
		8327E5E1284E569400957F17 /* Joke.swift */ = {isa = PBXFileReference; lastKnownFileType = sourcecode.swift; path = Joke.swift; sourceTree = "<group>"; };
		8327E5E3284E56A700957F17 /* SingleJokeResponse.swift */ = {isa = PBXFileReference; lastKnownFileType = sourcecode.swift; path = SingleJokeResponse.swift; sourceTree = "<group>"; };
		8327E5E7284E589D00957F17 /* Networking.swift */ = {isa = PBXFileReference; lastKnownFileType = sourcecode.swift; path = Networking.swift; sourceTree = "<group>"; };
		8327E5EB284E600200957F17 /* HomeViewModel.swift */ = {isa = PBXFileReference; lastKnownFileType = sourcecode.swift; path = HomeViewModel.swift; sourceTree = "<group>"; };
		8327E5EE284E639E00957F17 /* HomeViewModelTests.swift */ = {isa = PBXFileReference; lastKnownFileType = sourcecode.swift; path = HomeViewModelTests.swift; sourceTree = "<group>"; };
		8327E5F1284E63CE00957F17 /* NetworkingMock.swift */ = {isa = PBXFileReference; lastKnownFileType = sourcecode.swift; path = NetworkingMock.swift; sourceTree = "<group>"; };
		8327E5F6284E9CAE00957F17 /* JokeListViewController.swift */ = {isa = PBXFileReference; lastKnownFileType = sourcecode.swift; path = JokeListViewController.swift; sourceTree = "<group>"; };
		8327E5F8284E9DCC00957F17 /* MultipleJokeResponse.swift */ = {isa = PBXFileReference; lastKnownFileType = sourcecode.swift; path = MultipleJokeResponse.swift; sourceTree = "<group>"; };
		8327E5FC284EA1D600957F17 /* MainCharacterEntryViewController.swift */ = {isa = PBXFileReference; lastKnownFileType = sourcecode.swift; path = MainCharacterEntryViewController.swift; sourceTree = "<group>"; };
		8327E5FE284EA41B00957F17 /* MainCharacter.swift */ = {isa = PBXFileReference; lastKnownFileType = sourcecode.swift; path = MainCharacter.swift; sourceTree = "<group>"; };
		8327E600284EA43C00957F17 /* MainCharacterEntryValidator.swift */ = {isa = PBXFileReference; lastKnownFileType = sourcecode.swift; path = MainCharacterEntryValidator.swift; sourceTree = "<group>"; };
		835D216C284F82200084C59A /* MainCharacterEntryValidatorTests.swift */ = {isa = PBXFileReference; lastKnownFileType = sourcecode.swift; path = MainCharacterEntryValidatorTests.swift; sourceTree = "<group>"; };
		835E3694284E4E5F00A0B5C0 /* Jokes.app */ = {isa = PBXFileReference; explicitFileType = wrapper.application; includeInIndex = 0; path = Jokes.app; sourceTree = BUILT_PRODUCTS_DIR; };
		835E3697284E4E5F00A0B5C0 /* AppDelegate.swift */ = {isa = PBXFileReference; lastKnownFileType = sourcecode.swift; path = AppDelegate.swift; sourceTree = "<group>"; };
		835E3699284E4E5F00A0B5C0 /* SceneDelegate.swift */ = {isa = PBXFileReference; lastKnownFileType = sourcecode.swift; path = SceneDelegate.swift; sourceTree = "<group>"; };
		835E369B284E4E5F00A0B5C0 /* HomeViewController.swift */ = {isa = PBXFileReference; lastKnownFileType = sourcecode.swift; path = HomeViewController.swift; sourceTree = "<group>"; };
		835E369E284E4E5F00A0B5C0 /* Base */ = {isa = PBXFileReference; lastKnownFileType = file.storyboard; name = Base; path = Base.lproj/Main.storyboard; sourceTree = "<group>"; };
		835E36A0284E4E6000A0B5C0 /* Assets.xcassets */ = {isa = PBXFileReference; lastKnownFileType = folder.assetcatalog; path = Assets.xcassets; sourceTree = "<group>"; };
		835E36A3284E4E6000A0B5C0 /* Base */ = {isa = PBXFileReference; lastKnownFileType = file.storyboard; name = Base; path = Base.lproj/LaunchScreen.storyboard; sourceTree = "<group>"; };
		835E36A5284E4E6000A0B5C0 /* Info.plist */ = {isa = PBXFileReference; lastKnownFileType = text.plist.xml; path = Info.plist; sourceTree = "<group>"; };
		835E36AA284E4E6100A0B5C0 /* JokesTests.xctest */ = {isa = PBXFileReference; explicitFileType = wrapper.cfbundle; includeInIndex = 0; path = JokesTests.xctest; sourceTree = BUILT_PRODUCTS_DIR; };
		835E36AE284E4E6100A0B5C0 /* JokeFetcherTests.swift */ = {isa = PBXFileReference; lastKnownFileType = sourcecode.swift; path = JokeFetcherTests.swift; sourceTree = "<group>"; };
		835E36B4284E4E6100A0B5C0 /* JokesUITests.xctest */ = {isa = PBXFileReference; explicitFileType = wrapper.cfbundle; includeInIndex = 0; path = JokesUITests.xctest; sourceTree = BUILT_PRODUCTS_DIR; };
		835E36B8284E4E6100A0B5C0 /* JokesUITests.swift */ = {isa = PBXFileReference; lastKnownFileType = sourcecode.swift; path = JokesUITests.swift; sourceTree = "<group>"; };
		835E36BA284E4E6100A0B5C0 /* JokesUITestsLaunchTests.swift */ = {isa = PBXFileReference; lastKnownFileType = sourcecode.swift; path = JokesUITestsLaunchTests.swift; sourceTree = "<group>"; };
		A0373A2A614DC131F838EF2F /* Pods-Jokes.debug.xcconfig */ = {isa = PBXFileReference; includeInIndex = 1; lastKnownFileType = text.xcconfig; name = "Pods-Jokes.debug.xcconfig"; path = "Target Support Files/Pods-Jokes/Pods-Jokes.debug.xcconfig"; sourceTree = "<group>"; };
/* End PBXFileReference section */

/* Begin PBXFrameworksBuildPhase section */
		835E3691284E4E5F00A0B5C0 /* Frameworks */ = {
			isa = PBXFrameworksBuildPhase;
			buildActionMask = 2147483647;
			files = (
				1422B6CBA981EDF76AD1E9BE /* Pods_Jokes.framework in Frameworks */,
			);
			runOnlyForDeploymentPostprocessing = 0;
		};
		835E36A7284E4E6100A0B5C0 /* Frameworks */ = {
			isa = PBXFrameworksBuildPhase;
			buildActionMask = 2147483647;
			files = (
				2A6129563360D0CEA2CA3CF5 /* Pods_JokesTests.framework in Frameworks */,
			);
			runOnlyForDeploymentPostprocessing = 0;
		};
		835E36B1284E4E6100A0B5C0 /* Frameworks */ = {
			isa = PBXFrameworksBuildPhase;
			buildActionMask = 2147483647;
			files = (
				6A8D491171380B50B7B1C5F7 /* Pods_Jokes_JokesUITests.framework in Frameworks */,
			);
			runOnlyForDeploymentPostprocessing = 0;
		};
/* End PBXFrameworksBuildPhase section */

/* Begin PBXGroup section */
		30DE663E211D527F04E0B7B1 /* Pods */ = {
			isa = PBXGroup;
			children = (
				A0373A2A614DC131F838EF2F /* Pods-Jokes.debug.xcconfig */,
				1FDE2589B19025718BCB4A50 /* Pods-Jokes.release.xcconfig */,
				107877F7469328692E08B20D /* Pods-Jokes-JokesUITests.debug.xcconfig */,
				0843FB7A0EB355D0D9A21E7D /* Pods-Jokes-JokesUITests.release.xcconfig */,
				331AEE35890211EF5101CBD1 /* Pods-JokesTests.debug.xcconfig */,
				0A56BEB25F9605B964055753 /* Pods-JokesTests.release.xcconfig */,
			);
			path = Pods;
			sourceTree = "<group>";
		};
		8327E5E0284E568900957F17 /* Models */ = {
			isa = PBXGroup;
			children = (
				8327E5E1284E569400957F17 /* Joke.swift */,
				8327E5E3284E56A700957F17 /* SingleJokeResponse.swift */,
				8327E5F8284E9DCC00957F17 /* MultipleJokeResponse.swift */,
				8327E5FE284EA41B00957F17 /* MainCharacter.swift */,
			);
			path = Models;
			sourceTree = "<group>";
		};
		8327E5E9284E5F6100957F17 /* Networking */ = {
			isa = PBXGroup;
			children = (
				8327E5DC284E536800957F17 /* JokeFetcher.swift */,
				8327E5E7284E589D00957F17 /* Networking.swift */,
			);
			path = Networking;
			sourceTree = "<group>";
		};
		8327E5EA284E5FF600957F17 /* View Models */ = {
			isa = PBXGroup;
			children = (
				8327E5EB284E600200957F17 /* HomeViewModel.swift */,
			);
			path = "View Models";
			sourceTree = "<group>";
		};
		8327E5ED284E639100957F17 /* View Models */ = {
			isa = PBXGroup;
			children = (
				8327E5EE284E639E00957F17 /* HomeViewModelTests.swift */,
			);
			path = "View Models";
			sourceTree = "<group>";
		};
		8327E5F0284E63BC00957F17 /* Mocks */ = {
			isa = PBXGroup;
			children = (
				8327E5F1284E63CE00957F17 /* NetworkingMock.swift */,
			);
			path = Mocks;
			sourceTree = "<group>";
		};
		8327E5F3284E9C5600957F17 /* Controllers */ = {
			isa = PBXGroup;
			children = (
				835E369B284E4E5F00A0B5C0 /* HomeViewController.swift */,
				8327E5F6284E9CAE00957F17 /* JokeListViewController.swift */,
				8327E5FC284EA1D600957F17 /* MainCharacterEntryViewController.swift */,
			);
			path = Controllers;
			sourceTree = "<group>";
		};
		835E368B284E4E5F00A0B5C0 = {
			isa = PBXGroup;
			children = (
				835E3696284E4E5F00A0B5C0 /* Jokes */,
				835E36AD284E4E6100A0B5C0 /* JokesTests */,
				835E36B7284E4E6100A0B5C0 /* JokesUITests */,
				835E3695284E4E5F00A0B5C0 /* Products */,
				30DE663E211D527F04E0B7B1 /* Pods */,
				E419B2A0232D239A3FE75AF1 /* Frameworks */,
			);
			sourceTree = "<group>";
		};
		835E3695284E4E5F00A0B5C0 /* Products */ = {
			isa = PBXGroup;
			children = (
				835E3694284E4E5F00A0B5C0 /* Jokes.app */,
				835E36AA284E4E6100A0B5C0 /* JokesTests.xctest */,
				835E36B4284E4E6100A0B5C0 /* JokesUITests.xctest */,
			);
			name = Products;
			sourceTree = "<group>";
		};
		835E3696284E4E5F00A0B5C0 /* Jokes */ = {
			isa = PBXGroup;
			children = (
				8327E5F3284E9C5600957F17 /* Controllers */,
				8327E5EA284E5FF600957F17 /* View Models */,
				8327E5E9284E5F6100957F17 /* Networking */,
				8327E5E0284E568900957F17 /* Models */,
				835E3697284E4E5F00A0B5C0 /* AppDelegate.swift */,
				835E3699284E4E5F00A0B5C0 /* SceneDelegate.swift */,
				8327E5DE284E566F00957F17 /* URLSession+Extensions.swift */,
				8327E600284EA43C00957F17 /* MainCharacterEntryValidator.swift */,
				835E369D284E4E5F00A0B5C0 /* Main.storyboard */,
				835E36A0284E4E6000A0B5C0 /* Assets.xcassets */,
				835E36A2284E4E6000A0B5C0 /* LaunchScreen.storyboard */,
				835E36A5284E4E6000A0B5C0 /* Info.plist */,
			);
			path = Jokes;
			sourceTree = "<group>";
		};
		835E36AD284E4E6100A0B5C0 /* JokesTests */ = {
			isa = PBXGroup;
			children = (
				8327E5F0284E63BC00957F17 /* Mocks */,
				8327E5ED284E639100957F17 /* View Models */,
				835E36AE284E4E6100A0B5C0 /* JokeFetcherTests.swift */,
				835D216C284F82200084C59A /* MainCharacterEntryValidatorTests.swift */,
			);
			path = JokesTests;
			sourceTree = "<group>";
		};
		835E36B7284E4E6100A0B5C0 /* JokesUITests */ = {
			isa = PBXGroup;
			children = (
				835E36B8284E4E6100A0B5C0 /* JokesUITests.swift */,
				835E36BA284E4E6100A0B5C0 /* JokesUITestsLaunchTests.swift */,
			);
			path = JokesUITests;
			sourceTree = "<group>";
		};
		E419B2A0232D239A3FE75AF1 /* Frameworks */ = {
			isa = PBXGroup;
			children = (
				5BC5CE5AE7134D52BD8779BD /* Pods_Jokes.framework */,
				572C0D5DFF5543477B1B365C /* Pods_Jokes_JokesUITests.framework */,
				160C7E33791F59D619C0DC32 /* Pods_JokesTests.framework */,
			);
			name = Frameworks;
			sourceTree = "<group>";
		};
/* End PBXGroup section */

/* Begin PBXNativeTarget section */
		835E3693284E4E5F00A0B5C0 /* Jokes */ = {
			isa = PBXNativeTarget;
			buildConfigurationList = 835E36BE284E4E6100A0B5C0 /* Build configuration list for PBXNativeTarget "Jokes" */;
			buildPhases = (
				4684F8EA298ED495DC2EE157 /* [CP] Check Pods Manifest.lock */,
				835E3690284E4E5F00A0B5C0 /* Sources */,
				835E3691284E4E5F00A0B5C0 /* Frameworks */,
				835E3692284E4E5F00A0B5C0 /* Resources */,
				8B6174AE1A11558441BA4764 /* [CP] Embed Pods Frameworks */,
			);
			buildRules = (
			);
			dependencies = (
			);
			name = Jokes;
			productName = Jokes;
			productReference = 835E3694284E4E5F00A0B5C0 /* Jokes.app */;
			productType = "com.apple.product-type.application";
		};
		835E36A9284E4E6100A0B5C0 /* JokesTests */ = {
			isa = PBXNativeTarget;
			buildConfigurationList = 835E36C1284E4E6100A0B5C0 /* Build configuration list for PBXNativeTarget "JokesTests" */;
			buildPhases = (
				81DEF4B36D41642A7A0330E6 /* [CP] Check Pods Manifest.lock */,
				835E36A6284E4E6100A0B5C0 /* Sources */,
				835E36A7284E4E6100A0B5C0 /* Frameworks */,
				835E36A8284E4E6100A0B5C0 /* Resources */,
			);
			buildRules = (
			);
			dependencies = (
				835E36AC284E4E6100A0B5C0 /* PBXTargetDependency */,
			);
			name = JokesTests;
			productName = JokesTests;
			productReference = 835E36AA284E4E6100A0B5C0 /* JokesTests.xctest */;
			productType = "com.apple.product-type.bundle.unit-test";
		};
		835E36B3284E4E6100A0B5C0 /* JokesUITests */ = {
			isa = PBXNativeTarget;
			buildConfigurationList = 835E36C4284E4E6100A0B5C0 /* Build configuration list for PBXNativeTarget "JokesUITests" */;
			buildPhases = (
				05B50BD52DC8F35405CCE646 /* [CP] Check Pods Manifest.lock */,
				835E36B0284E4E6100A0B5C0 /* Sources */,
				835E36B1284E4E6100A0B5C0 /* Frameworks */,
				835E36B2284E4E6100A0B5C0 /* Resources */,
				FAC34B3E7D50EBE222FC0F97 /* [CP] Embed Pods Frameworks */,
			);
			buildRules = (
			);
			dependencies = (
				835E36B6284E4E6100A0B5C0 /* PBXTargetDependency */,
			);
			name = JokesUITests;
			productName = JokesUITests;
			productReference = 835E36B4284E4E6100A0B5C0 /* JokesUITests.xctest */;
			productType = "com.apple.product-type.bundle.ui-testing";
		};
/* End PBXNativeTarget section */

/* Begin PBXProject section */
		835E368C284E4E5F00A0B5C0 /* Project object */ = {
			isa = PBXProject;
			attributes = {
				BuildIndependentTargetsInParallel = 1;
				LastSwiftUpdateCheck = 1340;
				LastUpgradeCheck = 1340;
				TargetAttributes = {
					835E3693284E4E5F00A0B5C0 = {
						CreatedOnToolsVersion = 13.4;
					};
					835E36A9284E4E6100A0B5C0 = {
						CreatedOnToolsVersion = 13.4;
						TestTargetID = 835E3693284E4E5F00A0B5C0;
					};
					835E36B3284E4E6100A0B5C0 = {
						CreatedOnToolsVersion = 13.4;
						TestTargetID = 835E3693284E4E5F00A0B5C0;
					};
				};
			};
			buildConfigurationList = 835E368F284E4E5F00A0B5C0 /* Build configuration list for PBXProject "Jokes" */;
			compatibilityVersion = "Xcode 13.0";
			developmentRegion = en;
			hasScannedForEncodings = 0;
			knownRegions = (
				en,
				Base,
			);
			mainGroup = 835E368B284E4E5F00A0B5C0;
			productRefGroup = 835E3695284E4E5F00A0B5C0 /* Products */;
			projectDirPath = "";
			projectRoot = "";
			targets = (
				835E3693284E4E5F00A0B5C0 /* Jokes */,
				835E36A9284E4E6100A0B5C0 /* JokesTests */,
				835E36B3284E4E6100A0B5C0 /* JokesUITests */,
			);
		};
/* End PBXProject section */

/* Begin PBXResourcesBuildPhase section */
		835E3692284E4E5F00A0B5C0 /* Resources */ = {
			isa = PBXResourcesBuildPhase;
			buildActionMask = 2147483647;
			files = (
				835E36A4284E4E6000A0B5C0 /* LaunchScreen.storyboard in Resources */,
				835E36A1284E4E6000A0B5C0 /* Assets.xcassets in Resources */,
				835E369F284E4E5F00A0B5C0 /* Main.storyboard in Resources */,
			);
			runOnlyForDeploymentPostprocessing = 0;
		};
		835E36A8284E4E6100A0B5C0 /* Resources */ = {
			isa = PBXResourcesBuildPhase;
			buildActionMask = 2147483647;
			files = (
			);
			runOnlyForDeploymentPostprocessing = 0;
		};
		835E36B2284E4E6100A0B5C0 /* Resources */ = {
			isa = PBXResourcesBuildPhase;
			buildActionMask = 2147483647;
			files = (
			);
			runOnlyForDeploymentPostprocessing = 0;
		};
/* End PBXResourcesBuildPhase section */

/* Begin PBXShellScriptBuildPhase section */
		05B50BD52DC8F35405CCE646 /* [CP] Check Pods Manifest.lock */ = {
			isa = PBXShellScriptBuildPhase;
			buildActionMask = 2147483647;
			files = (
			);
			inputFileListPaths = (
			);
			inputPaths = (
				"${PODS_PODFILE_DIR_PATH}/Podfile.lock",
				"${PODS_ROOT}/Manifest.lock",
			);
			name = "[CP] Check Pods Manifest.lock";
			outputFileListPaths = (
			);
			outputPaths = (
				"$(DERIVED_FILE_DIR)/Pods-Jokes-JokesUITests-checkManifestLockResult.txt",
			);
			runOnlyForDeploymentPostprocessing = 0;
			shellPath = /bin/sh;
			shellScript = "diff \"${PODS_PODFILE_DIR_PATH}/Podfile.lock\" \"${PODS_ROOT}/Manifest.lock\" > /dev/null\nif [ $? != 0 ] ; then\n    # print error to STDERR\n    echo \"error: The sandbox is not in sync with the Podfile.lock. Run 'pod install' or update your CocoaPods installation.\" >&2\n    exit 1\nfi\n# This output is used by Xcode 'outputs' to avoid re-running this script phase.\necho \"SUCCESS\" > \"${SCRIPT_OUTPUT_FILE_0}\"\n";
			showEnvVarsInLog = 0;
		};
		4684F8EA298ED495DC2EE157 /* [CP] Check Pods Manifest.lock */ = {
			isa = PBXShellScriptBuildPhase;
			buildActionMask = 2147483647;
			files = (
			);
			inputFileListPaths = (
			);
			inputPaths = (
				"${PODS_PODFILE_DIR_PATH}/Podfile.lock",
				"${PODS_ROOT}/Manifest.lock",
			);
			name = "[CP] Check Pods Manifest.lock";
			outputFileListPaths = (
			);
			outputPaths = (
				"$(DERIVED_FILE_DIR)/Pods-Jokes-checkManifestLockResult.txt",
			);
			runOnlyForDeploymentPostprocessing = 0;
			shellPath = /bin/sh;
			shellScript = "diff \"${PODS_PODFILE_DIR_PATH}/Podfile.lock\" \"${PODS_ROOT}/Manifest.lock\" > /dev/null\nif [ $? != 0 ] ; then\n    # print error to STDERR\n    echo \"error: The sandbox is not in sync with the Podfile.lock. Run 'pod install' or update your CocoaPods installation.\" >&2\n    exit 1\nfi\n# This output is used by Xcode 'outputs' to avoid re-running this script phase.\necho \"SUCCESS\" > \"${SCRIPT_OUTPUT_FILE_0}\"\n";
			showEnvVarsInLog = 0;
		};
		81DEF4B36D41642A7A0330E6 /* [CP] Check Pods Manifest.lock */ = {
			isa = PBXShellScriptBuildPhase;
			buildActionMask = 2147483647;
			files = (
			);
			inputFileListPaths = (
			);
			inputPaths = (
				"${PODS_PODFILE_DIR_PATH}/Podfile.lock",
				"${PODS_ROOT}/Manifest.lock",
			);
			name = "[CP] Check Pods Manifest.lock";
			outputFileListPaths = (
			);
			outputPaths = (
				"$(DERIVED_FILE_DIR)/Pods-JokesTests-checkManifestLockResult.txt",
			);
			runOnlyForDeploymentPostprocessing = 0;
			shellPath = /bin/sh;
			shellScript = "diff \"${PODS_PODFILE_DIR_PATH}/Podfile.lock\" \"${PODS_ROOT}/Manifest.lock\" > /dev/null\nif [ $? != 0 ] ; then\n    # print error to STDERR\n    echo \"error: The sandbox is not in sync with the Podfile.lock. Run 'pod install' or update your CocoaPods installation.\" >&2\n    exit 1\nfi\n# This output is used by Xcode 'outputs' to avoid re-running this script phase.\necho \"SUCCESS\" > \"${SCRIPT_OUTPUT_FILE_0}\"\n";
			showEnvVarsInLog = 0;
		};
		8B6174AE1A11558441BA4764 /* [CP] Embed Pods Frameworks */ = {
			isa = PBXShellScriptBuildPhase;
			buildActionMask = 2147483647;
			files = (
			);
			inputFileListPaths = (
				"${PODS_ROOT}/Target Support Files/Pods-Jokes/Pods-Jokes-frameworks-${CONFIGURATION}-input-files.xcfilelist",
			);
			name = "[CP] Embed Pods Frameworks";
			outputFileListPaths = (
				"${PODS_ROOT}/Target Support Files/Pods-Jokes/Pods-Jokes-frameworks-${CONFIGURATION}-output-files.xcfilelist",
			);
			runOnlyForDeploymentPostprocessing = 0;
			shellPath = /bin/sh;
			shellScript = "\"${PODS_ROOT}/Target Support Files/Pods-Jokes/Pods-Jokes-frameworks.sh\"\n";
			showEnvVarsInLog = 0;
		};
		FAC34B3E7D50EBE222FC0F97 /* [CP] Embed Pods Frameworks */ = {
			isa = PBXShellScriptBuildPhase;
			buildActionMask = 2147483647;
			files = (
			);
			inputFileListPaths = (
				"${PODS_ROOT}/Target Support Files/Pods-Jokes-JokesUITests/Pods-Jokes-JokesUITests-frameworks-${CONFIGURATION}-input-files.xcfilelist",
			);
			name = "[CP] Embed Pods Frameworks";
			outputFileListPaths = (
				"${PODS_ROOT}/Target Support Files/Pods-Jokes-JokesUITests/Pods-Jokes-JokesUITests-frameworks-${CONFIGURATION}-output-files.xcfilelist",
			);
			runOnlyForDeploymentPostprocessing = 0;
			shellPath = /bin/sh;
			shellScript = "\"${PODS_ROOT}/Target Support Files/Pods-Jokes-JokesUITests/Pods-Jokes-JokesUITests-frameworks.sh\"\n";
			showEnvVarsInLog = 0;
		};
/* End PBXShellScriptBuildPhase section */

/* Begin PBXSourcesBuildPhase section */
		835E3690284E4E5F00A0B5C0 /* Sources */ = {
			isa = PBXSourcesBuildPhase;
			buildActionMask = 2147483647;
			files = (
				8327E5FF284EA41B00957F17 /* MainCharacter.swift in Sources */,
				8327E5FD284EA1D600957F17 /* MainCharacterEntryViewController.swift in Sources */,
				8327E5F9284E9DCC00957F17 /* MultipleJokeResponse.swift in Sources */,
				8327E5DF284E566F00957F17 /* URLSession+Extensions.swift in Sources */,
				8327E5EC284E600200957F17 /* HomeViewModel.swift in Sources */,
				835E369C284E4E5F00A0B5C0 /* HomeViewController.swift in Sources */,
				8327E5F7284E9CAE00957F17 /* JokeListViewController.swift in Sources */,
				8327E5E4284E56A700957F17 /* SingleJokeResponse.swift in Sources */,
				8327E5E8284E589D00957F17 /* Networking.swift in Sources */,
				8327E5E2284E569400957F17 /* Joke.swift in Sources */,
				835E3698284E4E5F00A0B5C0 /* AppDelegate.swift in Sources */,
				8327E5DD284E536800957F17 /* JokeFetcher.swift in Sources */,
				835E369A284E4E5F00A0B5C0 /* SceneDelegate.swift in Sources */,
				8327E601284EA43C00957F17 /* MainCharacterEntryValidator.swift in Sources */,
			);
			runOnlyForDeploymentPostprocessing = 0;
		};
		835E36A6284E4E6100A0B5C0 /* Sources */ = {
			isa = PBXSourcesBuildPhase;
			buildActionMask = 2147483647;
			files = (
				835E36AF284E4E6100A0B5C0 /* JokeFetcherTests.swift in Sources */,
				8327E5EF284E639E00957F17 /* HomeViewModelTests.swift in Sources */,
				835D216D284F82200084C59A /* MainCharacterEntryValidatorTests.swift in Sources */,
				8327E5F2284E63CE00957F17 /* NetworkingMock.swift in Sources */,
			);
			runOnlyForDeploymentPostprocessing = 0;
		};
		835E36B0284E4E6100A0B5C0 /* Sources */ = {
			isa = PBXSourcesBuildPhase;
			buildActionMask = 2147483647;
			files = (
				835E36B9284E4E6100A0B5C0 /* JokesUITests.swift in Sources */,
				835E36BB284E4E6100A0B5C0 /* JokesUITestsLaunchTests.swift in Sources */,
			);
			runOnlyForDeploymentPostprocessing = 0;
		};
/* End PBXSourcesBuildPhase section */

/* Begin PBXTargetDependency section */
		835E36AC284E4E6100A0B5C0 /* PBXTargetDependency */ = {
			isa = PBXTargetDependency;
			target = 835E3693284E4E5F00A0B5C0 /* Jokes */;
			targetProxy = 835E36AB284E4E6100A0B5C0 /* PBXContainerItemProxy */;
		};
		835E36B6284E4E6100A0B5C0 /* PBXTargetDependency */ = {
			isa = PBXTargetDependency;
			target = 835E3693284E4E5F00A0B5C0 /* Jokes */;
			targetProxy = 835E36B5284E4E6100A0B5C0 /* PBXContainerItemProxy */;
		};
/* End PBXTargetDependency section */

/* Begin PBXVariantGroup section */
		835E369D284E4E5F00A0B5C0 /* Main.storyboard */ = {
			isa = PBXVariantGroup;
			children = (
				835E369E284E4E5F00A0B5C0 /* Base */,
			);
			name = Main.storyboard;
			sourceTree = "<group>";
		};
		835E36A2284E4E6000A0B5C0 /* LaunchScreen.storyboard */ = {
			isa = PBXVariantGroup;
			children = (
				835E36A3284E4E6000A0B5C0 /* Base */,
			);
			name = LaunchScreen.storyboard;
			sourceTree = "<group>";
		};
/* End PBXVariantGroup section */

/* Begin XCBuildConfiguration section */
		835E36BC284E4E6100A0B5C0 /* Debug */ = {
			isa = XCBuildConfiguration;
			buildSettings = {
				ALWAYS_EMBED_SWIFT_STANDARD_LIBRARIES = "$(inherited)";
				ALWAYS_SEARCH_USER_PATHS = NO;
				CLANG_ANALYZER_NONNULL = YES;
				CLANG_ANALYZER_NUMBER_OBJECT_CONVERSION = YES_AGGRESSIVE;
				CLANG_CXX_LANGUAGE_STANDARD = "gnu++17";
				CLANG_ENABLE_MODULES = YES;
				CLANG_ENABLE_OBJC_ARC = YES;
				CLANG_ENABLE_OBJC_WEAK = YES;
				CLANG_WARN_BLOCK_CAPTURE_AUTORELEASING = YES;
				CLANG_WARN_BOOL_CONVERSION = YES;
				CLANG_WARN_COMMA = YES;
				CLANG_WARN_CONSTANT_CONVERSION = YES;
				CLANG_WARN_DEPRECATED_OBJC_IMPLEMENTATIONS = YES;
				CLANG_WARN_DIRECT_OBJC_ISA_USAGE = YES_ERROR;
				CLANG_WARN_DOCUMENTATION_COMMENTS = YES;
				CLANG_WARN_EMPTY_BODY = YES;
				CLANG_WARN_ENUM_CONVERSION = YES;
				CLANG_WARN_INFINITE_RECURSION = YES;
				CLANG_WARN_INT_CONVERSION = YES;
				CLANG_WARN_NON_LITERAL_NULL_CONVERSION = YES;
				CLANG_WARN_OBJC_IMPLICIT_RETAIN_SELF = YES;
				CLANG_WARN_OBJC_LITERAL_CONVERSION = YES;
				CLANG_WARN_OBJC_ROOT_CLASS = YES_ERROR;
				CLANG_WARN_QUOTED_INCLUDE_IN_FRAMEWORK_HEADER = YES;
				CLANG_WARN_RANGE_LOOP_ANALYSIS = YES;
				CLANG_WARN_STRICT_PROTOTYPES = YES;
				CLANG_WARN_SUSPICIOUS_MOVE = YES;
				CLANG_WARN_UNGUARDED_AVAILABILITY = YES_AGGRESSIVE;
				CLANG_WARN_UNREACHABLE_CODE = YES;
				CLANG_WARN__DUPLICATE_METHOD_MATCH = YES;
				COPY_PHASE_STRIP = NO;
				DEBUG_INFORMATION_FORMAT = dwarf;
				ENABLE_STRICT_OBJC_MSGSEND = YES;
				ENABLE_TESTABILITY = YES;
				GCC_C_LANGUAGE_STANDARD = gnu11;
				GCC_DYNAMIC_NO_PIC = NO;
				GCC_NO_COMMON_BLOCKS = YES;
				GCC_OPTIMIZATION_LEVEL = 0;
				GCC_PREPROCESSOR_DEFINITIONS = (
					"DEBUG=1",
					"$(inherited)",
				);
				GCC_WARN_64_TO_32_BIT_CONVERSION = YES;
				GCC_WARN_ABOUT_RETURN_TYPE = YES_ERROR;
				GCC_WARN_UNDECLARED_SELECTOR = YES;
				GCC_WARN_UNINITIALIZED_AUTOS = YES_AGGRESSIVE;
				GCC_WARN_UNUSED_FUNCTION = YES;
				GCC_WARN_UNUSED_VARIABLE = YES;
				IPHONEOS_DEPLOYMENT_TARGET = 12.0;
				MTL_ENABLE_DEBUG_INFO = INCLUDE_SOURCE;
				MTL_FAST_MATH = YES;
				ONLY_ACTIVE_ARCH = YES;
				SDKROOT = iphoneos;
				SWIFT_ACTIVE_COMPILATION_CONDITIONS = DEBUG;
				SWIFT_OPTIMIZATION_LEVEL = "-Onone";
			};
			name = Debug;
		};
		835E36BD284E4E6100A0B5C0 /* Release */ = {
			isa = XCBuildConfiguration;
			buildSettings = {
				ALWAYS_EMBED_SWIFT_STANDARD_LIBRARIES = "$(inherited)";
				ALWAYS_SEARCH_USER_PATHS = NO;
				CLANG_ANALYZER_NONNULL = YES;
				CLANG_ANALYZER_NUMBER_OBJECT_CONVERSION = YES_AGGRESSIVE;
				CLANG_CXX_LANGUAGE_STANDARD = "gnu++17";
				CLANG_ENABLE_MODULES = YES;
				CLANG_ENABLE_OBJC_ARC = YES;
				CLANG_ENABLE_OBJC_WEAK = YES;
				CLANG_WARN_BLOCK_CAPTURE_AUTORELEASING = YES;
				CLANG_WARN_BOOL_CONVERSION = YES;
				CLANG_WARN_COMMA = YES;
				CLANG_WARN_CONSTANT_CONVERSION = YES;
				CLANG_WARN_DEPRECATED_OBJC_IMPLEMENTATIONS = YES;
				CLANG_WARN_DIRECT_OBJC_ISA_USAGE = YES_ERROR;
				CLANG_WARN_DOCUMENTATION_COMMENTS = YES;
				CLANG_WARN_EMPTY_BODY = YES;
				CLANG_WARN_ENUM_CONVERSION = YES;
				CLANG_WARN_INFINITE_RECURSION = YES;
				CLANG_WARN_INT_CONVERSION = YES;
				CLANG_WARN_NON_LITERAL_NULL_CONVERSION = YES;
				CLANG_WARN_OBJC_IMPLICIT_RETAIN_SELF = YES;
				CLANG_WARN_OBJC_LITERAL_CONVERSION = YES;
				CLANG_WARN_OBJC_ROOT_CLASS = YES_ERROR;
				CLANG_WARN_QUOTED_INCLUDE_IN_FRAMEWORK_HEADER = YES;
				CLANG_WARN_RANGE_LOOP_ANALYSIS = YES;
				CLANG_WARN_STRICT_PROTOTYPES = YES;
				CLANG_WARN_SUSPICIOUS_MOVE = YES;
				CLANG_WARN_UNGUARDED_AVAILABILITY = YES_AGGRESSIVE;
				CLANG_WARN_UNREACHABLE_CODE = YES;
				CLANG_WARN__DUPLICATE_METHOD_MATCH = YES;
				COPY_PHASE_STRIP = NO;
				DEBUG_INFORMATION_FORMAT = "dwarf-with-dsym";
				ENABLE_NS_ASSERTIONS = NO;
				ENABLE_STRICT_OBJC_MSGSEND = YES;
				GCC_C_LANGUAGE_STANDARD = gnu11;
				GCC_NO_COMMON_BLOCKS = YES;
				GCC_WARN_64_TO_32_BIT_CONVERSION = YES;
				GCC_WARN_ABOUT_RETURN_TYPE = YES_ERROR;
				GCC_WARN_UNDECLARED_SELECTOR = YES;
				GCC_WARN_UNINITIALIZED_AUTOS = YES_AGGRESSIVE;
				GCC_WARN_UNUSED_FUNCTION = YES;
				GCC_WARN_UNUSED_VARIABLE = YES;
				IPHONEOS_DEPLOYMENT_TARGET = 12.0;
				MTL_ENABLE_DEBUG_INFO = NO;
				MTL_FAST_MATH = YES;
				SDKROOT = iphoneos;
				SWIFT_COMPILATION_MODE = wholemodule;
				SWIFT_OPTIMIZATION_LEVEL = "-O";
				VALIDATE_PRODUCT = YES;
			};
			name = Release;
		};
		835E36BF284E4E6100A0B5C0 /* Debug */ = {
			isa = XCBuildConfiguration;
			baseConfigurationReference = A0373A2A614DC131F838EF2F /* Pods-Jokes.debug.xcconfig */;
			buildSettings = {
				ASSETCATALOG_COMPILER_APPICON_NAME = AppIcon;
				ASSETCATALOG_COMPILER_GLOBAL_ACCENT_COLOR_NAME = AccentColor;
				CODE_SIGN_STYLE = Automatic;
				CURRENT_PROJECT_VERSION = 1;
				DEVELOPMENT_TEAM = T3S4B78JWS;
				GENERATE_INFOPLIST_FILE = YES;
				INFOPLIST_FILE = Jokes/Info.plist;
				INFOPLIST_KEY_UIApplicationSupportsIndirectInputEvents = YES;
				INFOPLIST_KEY_UILaunchStoryboardName = LaunchScreen;
				INFOPLIST_KEY_UIMainStoryboardFile = Main;
				INFOPLIST_KEY_UISupportedInterfaceOrientations_iPad = "UIInterfaceOrientationPortrait UIInterfaceOrientationPortraitUpsideDown UIInterfaceOrientationLandscapeLeft UIInterfaceOrientationLandscapeRight";
				INFOPLIST_KEY_UISupportedInterfaceOrientations_iPhone = "UIInterfaceOrientationPortrait UIInterfaceOrientationLandscapeLeft UIInterfaceOrientationLandscapeRight";
				LD_RUNPATH_SEARCH_PATHS = (
					"$(inherited)",
					"@executable_path/Frameworks",
				);
				MARKETING_VERSION = 1.0;
				PRODUCT_BUNDLE_IDENTIFIER = cjwilliamson.Jokes;
				PRODUCT_NAME = "$(TARGET_NAME)";
				SWIFT_EMIT_LOC_STRINGS = YES;
				SWIFT_VERSION = 5.0;
				TARGETED_DEVICE_FAMILY = "1,2";
			};
			name = Debug;
		};
		835E36C0284E4E6100A0B5C0 /* Release */ = {
			isa = XCBuildConfiguration;
			baseConfigurationReference = 1FDE2589B19025718BCB4A50 /* Pods-Jokes.release.xcconfig */;
			buildSettings = {
				ASSETCATALOG_COMPILER_APPICON_NAME = AppIcon;
				ASSETCATALOG_COMPILER_GLOBAL_ACCENT_COLOR_NAME = AccentColor;
				CODE_SIGN_STYLE = Automatic;
				CURRENT_PROJECT_VERSION = 1;
				DEVELOPMENT_TEAM = T3S4B78JWS;
				GENERATE_INFOPLIST_FILE = YES;
				INFOPLIST_FILE = Jokes/Info.plist;
				INFOPLIST_KEY_UIApplicationSupportsIndirectInputEvents = YES;
				INFOPLIST_KEY_UILaunchStoryboardName = LaunchScreen;
				INFOPLIST_KEY_UIMainStoryboardFile = Main;
				INFOPLIST_KEY_UISupportedInterfaceOrientations_iPad = "UIInterfaceOrientationPortrait UIInterfaceOrientationPortraitUpsideDown UIInterfaceOrientationLandscapeLeft UIInterfaceOrientationLandscapeRight";
				INFOPLIST_KEY_UISupportedInterfaceOrientations_iPhone = "UIInterfaceOrientationPortrait UIInterfaceOrientationLandscapeLeft UIInterfaceOrientationLandscapeRight";
				LD_RUNPATH_SEARCH_PATHS = (
					"$(inherited)",
					"@executable_path/Frameworks",
				);
				MARKETING_VERSION = 1.0;
				PRODUCT_BUNDLE_IDENTIFIER = cjwilliamson.Jokes;
				PRODUCT_NAME = "$(TARGET_NAME)";
				SWIFT_EMIT_LOC_STRINGS = YES;
				SWIFT_VERSION = 5.0;
				TARGETED_DEVICE_FAMILY = "1,2";
			};
			name = Release;
		};
		835E36C2284E4E6100A0B5C0 /* Debug */ = {
			isa = XCBuildConfiguration;
			baseConfigurationReference = 331AEE35890211EF5101CBD1 /* Pods-JokesTests.debug.xcconfig */;
			buildSettings = {
				ALWAYS_EMBED_SWIFT_STANDARD_LIBRARIES = YES;
				BUNDLE_LOADER = "$(TEST_HOST)";
				CODE_SIGN_STYLE = Automatic;
				CURRENT_PROJECT_VERSION = 1;
				DEVELOPMENT_TEAM = T3S4B78JWS;
				GENERATE_INFOPLIST_FILE = YES;
				IPHONEOS_DEPLOYMENT_TARGET = 15.5;
				MARKETING_VERSION = 1.0;
				PRODUCT_BUNDLE_IDENTIFIER = cjwilliamson.JokesTests;
				PRODUCT_NAME = "$(TARGET_NAME)";
				SWIFT_EMIT_LOC_STRINGS = NO;
				SWIFT_VERSION = 5.0;
				TARGETED_DEVICE_FAMILY = "1,2";
				TEST_HOST = "$(BUILT_PRODUCTS_DIR)/Jokes.app/Jokes";
			};
			name = Debug;
		};
		835E36C3284E4E6100A0B5C0 /* Release */ = {
			isa = XCBuildConfiguration;
			baseConfigurationReference = 0A56BEB25F9605B964055753 /* Pods-JokesTests.release.xcconfig */;
			buildSettings = {
				ALWAYS_EMBED_SWIFT_STANDARD_LIBRARIES = YES;
				BUNDLE_LOADER = "$(TEST_HOST)";
				CODE_SIGN_STYLE = Automatic;
				CURRENT_PROJECT_VERSION = 1;
				DEVELOPMENT_TEAM = T3S4B78JWS;
				GENERATE_INFOPLIST_FILE = YES;
				IPHONEOS_DEPLOYMENT_TARGET = 15.5;
				MARKETING_VERSION = 1.0;
				PRODUCT_BUNDLE_IDENTIFIER = cjwilliamson.JokesTests;
				PRODUCT_NAME = "$(TARGET_NAME)";
				SWIFT_EMIT_LOC_STRINGS = NO;
				SWIFT_VERSION = 5.0;
				TARGETED_DEVICE_FAMILY = "1,2";
				TEST_HOST = "$(BUILT_PRODUCTS_DIR)/Jokes.app/Jokes";
			};
			name = Release;
		};
		835E36C5284E4E6100A0B5C0 /* Debug */ = {
			isa = XCBuildConfiguration;
			baseConfigurationReference = 107877F7469328692E08B20D /* Pods-Jokes-JokesUITests.debug.xcconfig */;
			buildSettings = {
				ALWAYS_EMBED_SWIFT_STANDARD_LIBRARIES = "$(inherited)";
				CODE_SIGN_STYLE = Automatic;
				CURRENT_PROJECT_VERSION = 1;
				DEVELOPMENT_TEAM = T3S4B78JWS;
				GENERATE_INFOPLIST_FILE = YES;
				MARKETING_VERSION = 1.0;
				PRODUCT_BUNDLE_IDENTIFIER = cjwilliamson.JokesUITests;
				PRODUCT_NAME = "$(TARGET_NAME)";
				SWIFT_EMIT_LOC_STRINGS = NO;
				SWIFT_VERSION = 5.0;
				TARGETED_DEVICE_FAMILY = "1,2";
				TEST_TARGET_NAME = Jokes;
			};
			name = Debug;
		};
		835E36C6284E4E6100A0B5C0 /* Release */ = {
			isa = XCBuildConfiguration;
			baseConfigurationReference = 0843FB7A0EB355D0D9A21E7D /* Pods-Jokes-JokesUITests.release.xcconfig */;
			buildSettings = {
				ALWAYS_EMBED_SWIFT_STANDARD_LIBRARIES = "$(inherited)";
				CODE_SIGN_STYLE = Automatic;
				CURRENT_PROJECT_VERSION = 1;
				DEVELOPMENT_TEAM = T3S4B78JWS;
				GENERATE_INFOPLIST_FILE = YES;
				MARKETING_VERSION = 1.0;
				PRODUCT_BUNDLE_IDENTIFIER = cjwilliamson.JokesUITests;
				PRODUCT_NAME = "$(TARGET_NAME)";
				SWIFT_EMIT_LOC_STRINGS = NO;
				SWIFT_VERSION = 5.0;
				TARGETED_DEVICE_FAMILY = "1,2";
				TEST_TARGET_NAME = Jokes;
			};
			name = Release;
		};
/* End XCBuildConfiguration section */

/* Begin XCConfigurationList section */
		835E368F284E4E5F00A0B5C0 /* Build configuration list for PBXProject "Jokes" */ = {
			isa = XCConfigurationList;
			buildConfigurations = (
				835E36BC284E4E6100A0B5C0 /* Debug */,
				835E36BD284E4E6100A0B5C0 /* Release */,
			);
			defaultConfigurationIsVisible = 0;
			defaultConfigurationName = Release;
		};
		835E36BE284E4E6100A0B5C0 /* Build configuration list for PBXNativeTarget "Jokes" */ = {
			isa = XCConfigurationList;
			buildConfigurations = (
				835E36BF284E4E6100A0B5C0 /* Debug */,
				835E36C0284E4E6100A0B5C0 /* Release */,
			);
			defaultConfigurationIsVisible = 0;
			defaultConfigurationName = Release;
		};
		835E36C1284E4E6100A0B5C0 /* Build configuration list for PBXNativeTarget "JokesTests" */ = {
			isa = XCConfigurationList;
			buildConfigurations = (
				835E36C2284E4E6100A0B5C0 /* Debug */,
				835E36C3284E4E6100A0B5C0 /* Release */,
			);
			defaultConfigurationIsVisible = 0;
			defaultConfigurationName = Release;
		};
		835E36C4284E4E6100A0B5C0 /* Build configuration list for PBXNativeTarget "JokesUITests" */ = {
			isa = XCConfigurationList;
			buildConfigurations = (
				835E36C5284E4E6100A0B5C0 /* Debug */,
				835E36C6284E4E6100A0B5C0 /* Release */,
			);
			defaultConfigurationIsVisible = 0;
			defaultConfigurationName = Release;
		};
/* End XCConfigurationList section */
	};
	rootObject = 835E368C284E4E5F00A0B5C0 /* Project object */;
}
